
Microsoft Visual Studio Solution File, Format Version 12.00
# Visual Studio Version 16
VisualStudioVersion = 16.0.33214.272
MinimumVisualStudioVersion = 10.0.40219.1
Project("{FAE04EC0-301F-11D3-BF4B-00C04F79EFBC}") = "Program_5", "Program_5\Program_5.csproj", "{B3D4EA00-B9B3-47A5-BDF6-244FFC5E083A}"
EndProject
Global
	GlobalSection(SolutionConfigurationPlatforms) = preSolution
		Debug|Any CPU = Debug|Any CPU
		Release|Any CPU = Release|Any CPU
	EndGlobalSection
	GlobalSection(ProjectConfigurationPlatforms) = postSolution
		{B3D4EA00-B9B3-47A5-BDF6-244FFC5E083A}.Debug|Any CPU.ActiveCfg = Debug|Any CPU
		{B3D4EA00-B9B3-47A5-BDF6-244FFC5E083A}.Debug|Any CPU.Build.0 = Debug|Any CPU
		{B3D4EA00-B9B3-47A5-BDF6-244FFC5E083A}.Release|Any CPU.ActiveCfg = Release|Any CPU
		{B3D4EA00-B9B3-47A5-BDF6-244FFC5E083A}.Release|Any CPU.Build.0 = Release|Any CPU
	EndGlobalSection
	GlobalSection(SolutionProperties) = preSolution
		HideSolutionNode = FALSE
	EndGlobalSection
	GlobalSection(ExtensibilityGlobals) = postSolution
		SolutionGuid = {8213F89B-43DC-417B-AB45-778B9CE1830D}
	EndGlobalSection
EndGlobal
