
Microsoft Visual Studio Solution File, Format Version 12.00
# Visual Studio Version 16
VisualStudioVersion = 16.0.33214.272
MinimumVisualStudioVersion = 10.0.40219.1
Project("{FAE04EC0-301F-11D3-BF4B-00C04F79EFBC}") = "Exam_Program_3", "Exam_Program_3\Exam_Program_3.csproj", "{219D01CF-7F11-475B-9627-01EA3A901338}"
EndProject
Global
	GlobalSection(SolutionConfigurationPlatforms) = preSolution
		Debug|Any CPU = Debug|Any CPU
		Release|Any CPU = Release|Any CPU
	EndGlobalSection
	GlobalSection(ProjectConfigurationPlatforms) = postSolution
		{219D01CF-7F11-475B-9627-01EA3A901338}.Debug|Any CPU.ActiveCfg = Debug|Any CPU
		{219D01CF-7F11-475B-9627-01EA3A901338}.Debug|Any CPU.Build.0 = Debug|Any CPU
		{219D01CF-7F11-475B-9627-01EA3A901338}.Release|Any CPU.ActiveCfg = Release|Any CPU
		{219D01CF-7F11-475B-9627-01EA3A901338}.Release|Any CPU.Build.0 = Release|Any CPU
	EndGlobalSection
	GlobalSection(SolutionProperties) = preSolution
		HideSolutionNode = FALSE
	EndGlobalSection
	GlobalSection(ExtensibilityGlobals) = postSolution
		SolutionGuid = {7AE0E2E3-08DD-43F9-910E-7D93B391DF1D}
	EndGlobalSection
EndGlobal
