
Microsoft Visual Studio Solution File, Format Version 12.00
# Visual Studio Version 16
VisualStudioVersion = 16.0.33214.272
MinimumVisualStudioVersion = 10.0.40219.1
Project("{FAE04EC0-301F-11D3-BF4B-00C04F79EFBC}") = "Program_2", "Program_2\Program_2.csproj", "{90026F84-0121-44BB-B543-D429A554E48D}"
EndProject
Global
	GlobalSection(SolutionConfigurationPlatforms) = preSolution
		Debug|Any CPU = Debug|Any CPU
		Release|Any CPU = Release|Any CPU
	EndGlobalSection
	GlobalSection(ProjectConfigurationPlatforms) = postSolution
		{90026F84-0121-44BB-B543-D429A554E48D}.Debug|Any CPU.ActiveCfg = Debug|Any CPU
		{90026F84-0121-44BB-B543-D429A554E48D}.Debug|Any CPU.Build.0 = Debug|Any CPU
		{90026F84-0121-44BB-B543-D429A554E48D}.Release|Any CPU.ActiveCfg = Release|Any CPU
		{90026F84-0121-44BB-B543-D429A554E48D}.Release|Any CPU.Build.0 = Release|Any CPU
	EndGlobalSection
	GlobalSection(SolutionProperties) = preSolution
		HideSolutionNode = FALSE
	EndGlobalSection
	GlobalSection(ExtensibilityGlobals) = postSolution
		SolutionGuid = {D130201E-CD34-42AB-9AA6-F8BB26833D8E}
	EndGlobalSection
EndGlobal
