
Microsoft Visual Studio Solution File, Format Version 12.00
# Visual Studio Version 16
VisualStudioVersion = 16.0.33214.272
MinimumVisualStudioVersion = 10.0.40219.1
Project("{FAE04EC0-301F-11D3-BF4B-00C04F79EFBC}") = "Program_2", "Program_2\Program_2.csproj", "{C5540794-9657-47B2-81CE-9F6B48C17E95}"
EndProject
Global
	GlobalSection(SolutionConfigurationPlatforms) = preSolution
		Debug|Any CPU = Debug|Any CPU
		Release|Any CPU = Release|Any CPU
	EndGlobalSection
	GlobalSection(ProjectConfigurationPlatforms) = postSolution
		{C5540794-9657-47B2-81CE-9F6B48C17E95}.Debug|Any CPU.ActiveCfg = Debug|Any CPU
		{C5540794-9657-47B2-81CE-9F6B48C17E95}.Debug|Any CPU.Build.0 = Debug|Any CPU
		{C5540794-9657-47B2-81CE-9F6B48C17E95}.Release|Any CPU.ActiveCfg = Release|Any CPU
		{C5540794-9657-47B2-81CE-9F6B48C17E95}.Release|Any CPU.Build.0 = Release|Any CPU
	EndGlobalSection
	GlobalSection(SolutionProperties) = preSolution
		HideSolutionNode = FALSE
	EndGlobalSection
	GlobalSection(ExtensibilityGlobals) = postSolution
		SolutionGuid = {47D173C3-BEBC-4B6E-A502-35EE31418673}
	EndGlobalSection
EndGlobal
